
Microsoft Visual Studio Solution File, Format Version 12.00
# Visual Studio Version 17
VisualStudioVersion = 17.8.34316.72
MinimumVisualStudioVersion = 10.0.40219.1
Project("{8BC9CEB8-8B4A-11D0-8D11-00A0C91BC942}") = "CudaMatrix", "CudaMatrix.vcxproj", "{7DDBADEC-2D6D-407E-9711-96FA4A87A3BF}"
EndProject
Global
	GlobalSection(SolutionConfigurationPlatforms) = preSolution
		Debug|x64 = Debug|x64
		Release|x64 = Release|x64
	EndGlobalSection
	GlobalSection(ProjectConfigurationPlatforms) = postSolution
		{7DDBADEC-2D6D-407E-9711-96FA4A87A3BF}.Debug|x64.ActiveCfg = Debug|x64
		{7DDBADEC-2D6D-407E-9711-96FA4A87A3BF}.Debug|x64.Build.0 = Debug|x64
		{7DDBADEC-2D6D-407E-9711-96FA4A87A3BF}.Release|x64.ActiveCfg = Release|x64
		{7DDBADEC-2D6D-407E-9711-96FA4A87A3BF}.Release|x64.Build.0 = Release|x64
	EndGlobalSection
	GlobalSection(SolutionProperties) = preSolution
		HideSolutionNode = FALSE
	EndGlobalSection
	GlobalSection(ExtensibilityGlobals) = postSolution
		SolutionGuid = {F5C20C22-CA41-481C-A98B-5F828361C315}
	EndGlobalSection
EndGlobal
